
Microsoft Visual Studio Solution File, Format Version 12.00
# Visual Studio Version 17
VisualStudioVersion = 17.11.35312.102
MinimumVisualStudioVersion = 10.0.40219.1
Project("{FAE04EC0-301F-11D3-BF4B-00C04F79EFBC}") = "demo1301", "demo1301\demo1301.csproj", "{88D7ECD5-F894-4C16-AA39-A6EC763C2C3E}"
EndProject
Global
	GlobalSection(SolutionConfigurationPlatforms) = preSolution
		Debug|Any CPU = Debug|Any CPU
		Release|Any CPU = Release|Any CPU
	EndGlobalSection
	GlobalSection(ProjectConfigurationPlatforms) = postSolution
		{88D7ECD5-F894-4C16-AA39-A6EC763C2C3E}.Debug|Any CPU.ActiveCfg = Debug|Any CPU
		{88D7ECD5-F894-4C16-AA39-A6EC763C2C3E}.Debug|Any CPU.Build.0 = Debug|Any CPU
		{88D7ECD5-F894-4C16-AA39-A6EC763C2C3E}.Release|Any CPU.ActiveCfg = Release|Any CPU
		{88D7ECD5-F894-4C16-AA39-A6EC763C2C3E}.Release|Any CPU.Build.0 = Release|Any CPU
	EndGlobalSection
	GlobalSection(SolutionProperties) = preSolution
		HideSolutionNode = FALSE
	EndGlobalSection
	GlobalSection(ExtensibilityGlobals) = postSolution
		SolutionGuid = {83D8FAE3-62B0-4ECE-B152-19A6C5E099B0}
	EndGlobalSection
EndGlobal
